# This file is automatically @generated by Cargo.
# It is not intended for manual editing.
version = 4

[[package]]
name = "carpet"
version = "0.0.1"

[[package]]
name = "carpet-cli"
version = "0.0.1"
dependencies = [
 "carpet",
 "carpet-codegen",
 "carpet-ir",
 "mirage",
]

[[package]]
name = "carpet-codegen"
version = "0.0.1"
dependencies = [
 "carpet-ir",
]

[[package]]
name = "carpet-ir"
version = "0.0.1"
dependencies = [
 "carpet",
]

[[package]]
name = "mirage"
version = "0.0.1"
dependencies = [
 "carpet-codegen",
]
